// !$*UTF8*$!
{
	archiveVersion = 1;
	classes = {
	};
	objectVersion = 46;
	objects = {

/* Begin PBXBuildFile section */
		0059FC041C31076D006155A9 /* AppDelegate.swift in Sources */ = {isa = PBXBuildFile; fileRef = 0059FC031C31076D006155A9 /* AppDelegate.swift */; };
		0059FC061C31076D006155A9 /* ViewController.swift in Sources */ = {isa = PBXBuildFile; fileRef = 0059FC051C31076D006155A9 /* ViewController.swift */; };
		0059FC091C31076D006155A9 /* Main.storyboard in Resources */ = {isa = PBXBuildFile; fileRef = 0059FC071C31076D006155A9 /* Main.storyboard */; };
		0059FC0B1C31076D006155A9 /* Assets.xcassets in Resources */ = {isa = PBXBuildFile; fileRef = 0059FC0A1C31076D006155A9 /* Assets.xcassets */; };
		0059FC0E1C31076D006155A9 /* LaunchScreen.storyboard in Resources */ = {isa = PBXBuildFile; fileRef = 0059FC0C1C31076D006155A9 /* LaunchScreen.storyboard */; };
		0059FC191C31076D006155A9 /* TipSmartTests.swift in Sources */ = {isa = PBXBuildFile; fileRef = 0059FC181C31076D006155A9 /* TipSmartTests.swift */; };
		0059FC241C31076D006155A9 /* TipSmartUITests.swift in Sources */ = {isa = PBXBuildFile; fileRef = 0059FC231C31076D006155A9 /* TipSmartUITests.swift */; };
		0059FC321C325119006155A9 /* SettingsButton.png in Resources */ = {isa = PBXBuildFile; fileRef = 0059FC311C325119006155A9 /* SettingsButton.png */; };
		0059FC341C33AC1F006155A9 /* SettingsView.swift in Sources */ = {isa = PBXBuildFile; fileRef = 0059FC331C33AC1F006155A9 /* SettingsView.swift */; };
/* End PBXBuildFile section */

/* Begin PBXContainerItemProxy section */
		0059FC151C31076D006155A9 /* PBXContainerItemProxy */ = {
			isa = PBXContainerItemProxy;
			containerPortal = 0059FBF81C31076D006155A9 /* Project object */;
			proxyType = 1;
			remoteGlobalIDString = 0059FBFF1C31076D006155A9;
			remoteInfo = TipSmart;
		};
		0059FC201C31076D006155A9 /* PBXContainerItemProxy */ = {
			isa = PBXContainerItemProxy;
			containerPortal = 0059FBF81C31076D006155A9 /* Project object */;
			proxyType = 1;
			remoteGlobalIDString = 0059FBFF1C31076D006155A9;
			remoteInfo = TipSmart;
		};
/* End PBXContainerItemProxy section */

/* Begin PBXFileReference section */
		0059FC001C31076D006155A9 /* TipSmart.app */ = {isa = PBXFileReference; explicitFileType = wrapper.application; includeInIndex = 0; path = TipSmart.app; sourceTree = BUILT_PRODUCTS_DIR; };
		0059FC031C31076D006155A9 /* AppDelegate.swift */ = {isa = PBXFileReference; lastKnownFileType = sourcecode.swift; path = AppDelegate.swift; sourceTree = "<group>"; };
		0059FC051C31076D006155A9 /* ViewController.swift */ = {isa = PBXFileReference; lastKnownFileType = sourcecode.swift; path = ViewController.swift; sourceTree = "<group>"; };
		0059FC081C31076D006155A9 /* Base */ = {isa = PBXFileReference; lastKnownFileType = file.storyboard; name = Base; path = Base.lproj/Main.storyboard; sourceTree = "<group>"; };
		0059FC0A1C31076D006155A9 /* Assets.xcassets */ = {isa = PBXFileReference; lastKnownFileType = folder.assetcatalog; path = Assets.xcassets; sourceTree = "<group>"; };
		0059FC0D1C31076D006155A9 /* Base */ = {isa = PBXFileReference; lastKnownFileType = file.storyboard; name = Base; path = Base.lproj/LaunchScreen.storyboard; sourceTree = "<group>"; };
		0059FC0F1C31076D006155A9 /* Info.plist */ = {isa = PBXFileReference; lastKnownFileType = text.plist.xml; path = Info.plist; sourceTree = "<group>"; };
		0059FC141C31076D006155A9 /* TipSmartTests.xctest */ = {isa = PBXFileReference; explicitFileType = wrapper.cfbundle; includeInIndex = 0; path = TipSmartTests.xctest; sourceTree = BUILT_PRODUCTS_DIR; };
		0059FC181C31076D006155A9 /* TipSmartTests.swift */ = {isa = PBXFileReference; lastKnownFileType = sourcecode.swift; path = TipSmartTests.swift; sourceTree = "<group>"; };
		0059FC1A1C31076D006155A9 /* Info.plist */ = {isa = PBXFileReference; lastKnownFileType = text.plist.xml; path = Info.plist; sourceTree = "<group>"; };
		0059FC1F1C31076D006155A9 /* TipSmartUITests.xctest */ = {isa = PBXFileReference; explicitFileType = wrapper.cfbundle; includeInIndex = 0; path = TipSmartUITests.xctest; sourceTree = BUILT_PRODUCTS_DIR; };
		0059FC231C31076D006155A9 /* TipSmartUITests.swift */ = {isa = PBXFileReference; lastKnownFileType = sourcecode.swift; path = TipSmartUITests.swift; sourceTree = "<group>"; };
		0059FC251C31076D006155A9 /* Info.plist */ = {isa = PBXFileReference; lastKnownFileType = text.plist.xml; path = Info.plist; sourceTree = "<group>"; };
		0059FC311C325119006155A9 /* SettingsButton.png */ = {isa = PBXFileReference; lastKnownFileType = image.png; path = SettingsButton.png; sourceTree = "<group>"; };
		0059FC331C33AC1F006155A9 /* SettingsView.swift */ = {isa = PBXFileReference; fileEncoding = 4; lastKnownFileType = sourcecode.swift; path = SettingsView.swift; sourceTree = "<group>"; };
/* End PBXFileReference section */

/* Begin PBXFrameworksBuildPhase section */
		0059FBFD1C31076D006155A9 /* Frameworks */ = {
			isa = PBXFrameworksBuildPhase;
			buildActionMask = 2147483647;
			files = (
			);
			runOnlyForDeploymentPostprocessing = 0;
		};
		0059FC111C31076D006155A9 /* Frameworks */ = {
			isa = PBXFrameworksBuildPhase;
			buildActionMask = 2147483647;
			files = (
			);
			runOnlyForDeploymentPostprocessing = 0;
		};
		0059FC1C1C31076D006155A9 /* Frameworks */ = {
			isa = PBXFrameworksBuildPhase;
			buildActionMask = 2147483647;
			files = (
			);
			runOnlyForDeploymentPostprocessing = 0;
		};
/* End PBXFrameworksBuildPhase section */

/* Begin PBXGroup section */
		0059FBF71C31076D006155A9 = {
			isa = PBXGroup;
			children = (
				0059FC021C31076D006155A9 /* TipSmart */,
				0059FC171C31076D006155A9 /* TipSmartTests */,
				0059FC221C31076D006155A9 /* TipSmartUITests */,
				0059FC011C31076D006155A9 /* Products */,
			);
			sourceTree = "<group>";
		};
		0059FC011C31076D006155A9 /* Products */ = {
			isa = PBXGroup;
			children = (
				0059FC001C31076D006155A9 /* TipSmart.app */,
				0059FC141C31076D006155A9 /* TipSmartTests.xctest */,
				0059FC1F1C31076D006155A9 /* TipSmartUITests.xctest */,
			);
			name = Products;
			sourceTree = "<group>";
		};
		0059FC021C31076D006155A9 /* TipSmart */ = {
			isa = PBXGroup;
			children = (
				0059FC031C31076D006155A9 /* AppDelegate.swift */,
				0059FC051C31076D006155A9 /* ViewController.swift */,
				0059FC331C33AC1F006155A9 /* SettingsView.swift */,
				0059FC071C31076D006155A9 /* Main.storyboard */,
				0059FC0A1C31076D006155A9 /* Assets.xcassets */,
				0059FC311C325119006155A9 /* SettingsButton.png */,
				0059FC0C1C31076D006155A9 /* LaunchScreen.storyboard */,
				0059FC0F1C31076D006155A9 /* Info.plist */,
			);
			path = TipSmart;
			sourceTree = "<group>";
		};
		0059FC171C31076D006155A9 /* TipSmartTests */ = {
			isa = PBXGroup;
			children = (
				0059FC181C31076D006155A9 /* TipSmartTests.swift */,
				0059FC1A1C31076D006155A9 /* Info.plist */,
			);
			path = TipSmartTests;
			sourceTree = "<group>";
		};
		0059FC221C31076D006155A9 /* TipSmartUITests */ = {
			isa = PBXGroup;
			children = (
				0059FC231C31076D006155A9 /* TipSmartUITests.swift */,
				0059FC251C31076D006155A9 /* Info.plist */,
			);
			path = TipSmartUITests;
			sourceTree = "<group>";
		};
/* End PBXGroup section */

/* Begin PBXNativeTarget section */
		0059FBFF1C31076D006155A9 /* TipSmart */ = {
			isa = PBXNativeTarget;
			buildConfigurationList = 0059FC281C31076D006155A9 /* Build configuration list for PBXNativeTarget "TipSmart" */;
			buildPhases = (
				0059FBFC1C31076D006155A9 /* Sources */,
				0059FBFD1C31076D006155A9 /* Frameworks */,
				0059FBFE1C31076D006155A9 /* Resources */,
			);
			buildRules = (
			);
			dependencies = (
			);
			name = TipSmart;
			productName = TipSmart;
			productReference = 0059FC001C31076D006155A9 /* TipSmart.app */;
			productType = "com.apple.product-type.application";
		};
		0059FC131C31076D006155A9 /* TipSmartTests */ = {
			isa = PBXNativeTarget;
			buildConfigurationList = 0059FC2B1C31076D006155A9 /* Build configuration list for PBXNativeTarget "TipSmartTests" */;
			buildPhases = (
				0059FC101C31076D006155A9 /* Sources */,
				0059FC111C31076D006155A9 /* Frameworks */,
				0059FC121C31076D006155A9 /* Resources */,
			);
			buildRules = (
			);
			dependencies = (
				0059FC161C31076D006155A9 /* PBXTargetDependency */,
			);
			name = TipSmartTests;
			productName = TipSmartTests;
			productReference = 0059FC141C31076D006155A9 /* TipSmartTests.xctest */;
			productType = "com.apple.product-type.bundle.unit-test";
		};
		0059FC1E1C31076D006155A9 /* TipSmartUITests */ = {
			isa = PBXNativeTarget;
			buildConfigurationList = 0059FC2E1C31076D006155A9 /* Build configuration list for PBXNativeTarget "TipSmartUITests" */;
			buildPhases = (
				0059FC1B1C31076D006155A9 /* Sources */,
				0059FC1C1C31076D006155A9 /* Frameworks */,
				0059FC1D1C31076D006155A9 /* Resources */,
			);
			buildRules = (
			);
			dependencies = (
				0059FC211C31076D006155A9 /* PBXTargetDependency */,
			);
			name = TipSmartUITests;
			productName = TipSmartUITests;
			productReference = 0059FC1F1C31076D006155A9 /* TipSmartUITests.xctest */;
			productType = "com.apple.product-type.bundle.ui-testing";
		};
/* End PBXNativeTarget section */

/* Begin PBXProject section */
		0059FBF81C31076D006155A9 /* Project object */ = {
			isa = PBXProject;
			attributes = {
				LastSwiftUpdateCheck = 0710;
				LastUpgradeCheck = 0710;
				ORGANIZATIONNAME = TongTech;
				TargetAttributes = {
					0059FBFF1C31076D006155A9 = {
						CreatedOnToolsVersion = 7.1;
						DevelopmentTeam = H439NJKG84;
					};
					0059FC131C31076D006155A9 = {
						CreatedOnToolsVersion = 7.1;
						DevelopmentTeam = H439NJKG84;
						TestTargetID = 0059FBFF1C31076D006155A9;
					};
					0059FC1E1C31076D006155A9 = {
						CreatedOnToolsVersion = 7.1;
						DevelopmentTeam = H439NJKG84;
						TestTargetID = 0059FBFF1C31076D006155A9;
					};
				};
			};
			buildConfigurationList = 0059FBFB1C31076D006155A9 /* Build configuration list for PBXProject "TipSmart" */;
			compatibilityVersion = "Xcode 3.2";
			developmentRegion = English;
			hasScannedForEncodings = 0;
			knownRegions = (
				en,
				Base,
			);
			mainGroup = 0059FBF71C31076D006155A9;
			productRefGroup = 0059FC011C31076D006155A9 /* Products */;
			projectDirPath = "";
			projectRoot = "";
			targets = (
				0059FBFF1C31076D006155A9 /* TipSmart */,
				0059FC131C31076D006155A9 /* TipSmartTests */,
				0059FC1E1C31076D006155A9 /* TipSmartUITests */,
			);
		};
/* End PBXProject section */

/* Begin PBXResourcesBuildPhase section */
		0059FBFE1C31076D006155A9 /* Resources */ = {
			isa = PBXResourcesBuildPhase;
			buildActionMask = 2147483647;
			files = (
				0059FC0E1C31076D006155A9 /* LaunchScreen.storyboard in Resources */,
				0059FC0B1C31076D006155A9 /* Assets.xcassets in Resources */,
				0059FC321C325119006155A9 /* SettingsButton.png in Resources */,
				0059FC091C31076D006155A9 /* Main.storyboard in Resources */,
			);
			runOnlyForDeploymentPostprocessing = 0;
		};
		0059FC121C31076D006155A9 /* Resources */ = {
			isa = PBXResourcesBuildPhase;
			buildActionMask = 2147483647;
			files = (
			);
			runOnlyForDeploymentPostprocessing = 0;
		};
		0059FC1D1C31076D006155A9 /* Resources */ = {
			isa = PBXResourcesBuildPhase;
			buildActionMask = 2147483647;
			files = (
			);
			runOnlyForDeploymentPostprocessing = 0;
		};
/* End PBXResourcesBuildPhase section */

/* Begin PBXSourcesBuildPhase section */
		0059FBFC1C31076D006155A9 /* Sources */ = {
			isa = PBXSourcesBuildPhase;
			buildActionMask = 2147483647;
			files = (
				0059FC341C33AC1F006155A9 /* SettingsView.swift in Sources */,
				0059FC061C31076D006155A9 /* ViewController.swift in Sources */,
				0059FC041C31076D006155A9 /* AppDelegate.swift in Sources */,
			);
			runOnlyForDeploymentPostprocessing = 0;
		};
		0059FC101C31076D006155A9 /* Sources */ = {
			isa = PBXSourcesBuildPhase;
			buildActionMask = 2147483647;
			files = (
				0059FC191C31076D006155A9 /* TipSmartTests.swift in Sources */,
			);
			runOnlyForDeploymentPostprocessing = 0;
		};
		0059FC1B1C31076D006155A9 /* Sources */ = {
			isa = PBXSourcesBuildPhase;
			buildActionMask = 2147483647;
			files = (
				0059FC241C31076D006155A9 /* TipSmartUITests.swift in Sources */,
			);
			runOnlyForDeploymentPostprocessing = 0;
		};
/* End PBXSourcesBuildPhase section */

/* Begin PBXTargetDependency section */
		0059FC161C31076D006155A9 /* PBXTargetDependency */ = {
			isa = PBXTargetDependency;
			target = 0059FBFF1C31076D006155A9 /* TipSmart */;
			targetProxy = 0059FC151C31076D006155A9 /* PBXContainerItemProxy */;
		};
		0059FC211C31076D006155A9 /* PBXTargetDependency */ = {
			isa = PBXTargetDependency;
			target = 0059FBFF1C31076D006155A9 /* TipSmart */;
			targetProxy = 0059FC201C31076D006155A9 /* PBXContainerItemProxy */;
		};
/* End PBXTargetDependency section */

/* Begin PBXVariantGroup section */
		0059FC071C31076D006155A9 /* Main.storyboard */ = {
			isa = PBXVariantGroup;
			children = (
				0059FC081C31076D006155A9 /* Base */,
			);
			name = Main.storyboard;
			sourceTree = "<group>";
		};
		0059FC0C1C31076D006155A9 /* LaunchScreen.storyboard */ = {
			isa = PBXVariantGroup;
			children = (
				0059FC0D1C31076D006155A9 /* Base */,
			);
			name = LaunchScreen.storyboard;
			sourceTree = "<group>";
		};
/* End PBXVariantGroup section */

/* Begin XCBuildConfiguration section */
		0059FC261C31076D006155A9 /* Debug */ = {
			isa = XCBuildConfiguration;
			buildSettings = {
				ALWAYS_SEARCH_USER_PATHS = NO;
				CLANG_CXX_LANGUAGE_STANDARD = "gnu++0x";
				CLANG_CXX_LIBRARY = "libc++";
				CLANG_ENABLE_MODULES = YES;
				CLANG_ENABLE_OBJC_ARC = YES;
				CLANG_WARN_BOOL_CONVERSION = YES;
				CLANG_WARN_CONSTANT_CONVERSION = YES;
				CLANG_WARN_DIRECT_OBJC_ISA_USAGE = YES_ERROR;
				CLANG_WARN_EMPTY_BODY = YES;
				CLANG_WARN_ENUM_CONVERSION = YES;
				CLANG_WARN_INT_CONVERSION = YES;
				CLANG_WARN_OBJC_ROOT_CLASS = YES_ERROR;
				CLANG_WARN_UNREACHABLE_CODE = YES;
				CLANG_WARN__DUPLICATE_METHOD_MATCH = YES;
				"CODE_SIGN_IDENTITY[sdk=iphoneos*]" = "iPhone Developer";
				COPY_PHASE_STRIP = NO;
				DEBUG_INFORMATION_FORMAT = dwarf;
				ENABLE_STRICT_OBJC_MSGSEND = YES;
				ENABLE_TESTABILITY = YES;
				GCC_C_LANGUAGE_STANDARD = gnu99;
				GCC_DYNAMIC_NO_PIC = NO;
				GCC_NO_COMMON_BLOCKS = YES;
				GCC_OPTIMIZATION_LEVEL = 0;
				GCC_PREPROCESSOR_DEFINITIONS = (
					"DEBUG=1",
					"$(inherited)",
				);
				GCC_WARN_64_TO_32_BIT_CONVERSION = YES;
				GCC_WARN_ABOUT_RETURN_TYPE = YES_ERROR;
				GCC_WARN_UNDECLARED_SELECTOR = YES;
				GCC_WARN_UNINITIALIZED_AUTOS = YES_AGGRESSIVE;
				GCC_WARN_UNUSED_FUNCTION = YES;
				GCC_WARN_UNUSED_VARIABLE = YES;
				IPHONEOS_DEPLOYMENT_TARGET = 9.1;
				MTL_ENABLE_DEBUG_INFO = YES;
				ONLY_ACTIVE_ARCH = YES;
				SDKROOT = iphoneos;
				SWIFT_OPTIMIZATION_LEVEL = "-Onone";
			};
			name = Debug;
		};
		0059FC271C31076D006155A9 /* Release */ = {
			isa = XCBuildConfiguration;
			buildSettings = {
				ALWAYS_SEARCH_USER_PATHS = NO;
				CLANG_CXX_LANGUAGE_STANDARD = "gnu++0x";
				CLANG_CXX_LIBRARY = "libc++";
				CLANG_ENABLE_MODULES = YES;
				CLANG_ENABLE_OBJC_ARC = YES;
				CLANG_WARN_BOOL_CONVERSION = YES;
				CLANG_WARN_CONSTANT_CONVERSION = YES;
				CLANG_WARN_DIRECT_OBJC_ISA_USAGE = YES_ERROR;
				CLANG_WARN_EMPTY_BODY = YES;
				CLANG_WARN_ENUM_CONVERSION = YES;
				CLANG_WARN_INT_CONVERSION = YES;
				CLANG_WARN_OBJC_ROOT_CLASS = YES_ERROR;
				CLANG_WARN_UNREACHABLE_CODE = YES;
				CLANG_WARN__DUPLICATE_METHOD_MATCH = YES;
				"CODE_SIGN_IDENTITY[sdk=iphoneos*]" = "iPhone Developer";
				COPY_PHASE_STRIP = NO;
				DEBUG_INFORMATION_FORMAT = "dwarf-with-dsym";
				ENABLE_NS_ASSERTIONS = NO;
				ENABLE_STRICT_OBJC_MSGSEND = YES;
				GCC_C_LANGUAGE_STANDARD = gnu99;
				GCC_NO_COMMON_BLOCKS = YES;
				GCC_WARN_64_TO_32_BIT_CONVERSION = YES;
				GCC_WARN_ABOUT_RETURN_TYPE = YES_ERROR;
				GCC_WARN_UNDECLARED_SELECTOR = YES;
				GCC_WARN_UNINITIALIZED_AUTOS = YES_AGGRESSIVE;
				GCC_WARN_UNUSED_FUNCTION = YES;
				GCC_WARN_UNUSED_VARIABLE = YES;
				IPHONEOS_DEPLOYMENT_TARGET = 9.1;
				MTL_ENABLE_DEBUG_INFO = NO;
				SDKROOT = iphoneos;
				VALIDATE_PRODUCT = YES;
			};
			name = Release;
		};
		0059FC291C31076D006155A9 /* Debug */ = {
			isa = XCBuildConfiguration;
			buildSettings = {
				ASSETCATALOG_COMPILER_APPICON_NAME = AppIcon;
				INFOPLIST_FILE = TipSmart/Info.plist;
				LD_RUNPATH_SEARCH_PATHS = "$(inherited) @executable_path/Frameworks";
				PRODUCT_BUNDLE_IDENTIFIER = com.Tongtech.TipSmart;
				PRODUCT_NAME = "$(TARGET_NAME)";
			};
			name = Debug;
		};
		0059FC2A1C31076D006155A9 /* Release */ = {
			isa = XCBuildConfiguration;
			buildSettings = {
				ASSETCATALOG_COMPILER_APPICON_NAME = AppIcon;
				INFOPLIST_FILE = TipSmart/Info.plist;
				LD_RUNPATH_SEARCH_PATHS = "$(inherited) @executable_path/Frameworks";
				PRODUCT_BUNDLE_IDENTIFIER = com.Tongtech.TipSmart;
				PRODUCT_NAME = "$(TARGET_NAME)";
			};
			name = Release;
		};
		0059FC2C1C31076D006155A9 /* Debug */ = {
			isa = XCBuildConfiguration;
			buildSettings = {
				BUNDLE_LOADER = "$(TEST_HOST)";
				INFOPLIST_FILE = TipSmartTests/Info.plist;
				LD_RUNPATH_SEARCH_PATHS = "$(inherited) @executable_path/Frameworks @loader_path/Frameworks";
				PRODUCT_BUNDLE_IDENTIFIER = com.Tongtech.TipSmartTests;
				PRODUCT_NAME = "$(TARGET_NAME)";
				TEST_HOST = "$(BUILT_PRODUCTS_DIR)/TipSmart.app/TipSmart";
			};
			name = Debug;
		};
		0059FC2D1C31076D006155A9 /* Release */ = {
			isa = XCBuildConfiguration;
			buildSettings = {
				BUNDLE_LOADER = "$(TEST_HOST)";
				INFOPLIST_FILE = TipSmartTests/Info.plist;
				LD_RUNPATH_SEARCH_PATHS = "$(inherited) @executable_path/Frameworks @loader_path/Frameworks";
				PRODUCT_BUNDLE_IDENTIFIER = com.Tongtech.TipSmartTests;
				PRODUCT_NAME = "$(TARGET_NAME)";
				TEST_HOST = "$(BUILT_PRODUCTS_DIR)/TipSmart.app/TipSmart";
			};
			name = Release;
		};
		0059FC2F1C31076D006155A9 /* Debug */ = {
			isa = XCBuildConfiguration;
			buildSettings = {
				INFOPLIST_FILE = TipSmartUITests/Info.plist;
				LD_RUNPATH_SEARCH_PATHS = "$(inherited) @executable_path/Frameworks @loader_path/Frameworks";
				PRODUCT_BUNDLE_IDENTIFIER = com.Tongtech.TipSmartUITests;
				PRODUCT_NAME = "$(TARGET_NAME)";
				TEST_TARGET_NAME = TipSmart;
				USES_XCTRUNNER = YES;
			};
			name = Debug;
		};
		0059FC301C31076D006155A9 /* Release */ = {
			isa = XCBuildConfiguration;
			buildSettings = {
				INFOPLIST_FILE = TipSmartUITests/Info.plist;
				LD_RUNPATH_SEARCH_PATHS = "$(inherited) @executable_path/Frameworks @loader_path/Frameworks";
				PRODUCT_BUNDLE_IDENTIFIER = com.Tongtech.TipSmartUITests;
				PRODUCT_NAME = "$(TARGET_NAME)";
				TEST_TARGET_NAME = TipSmart;
				USES_XCTRUNNER = YES;
			};
			name = Release;
		};
/* End XCBuildConfiguration section */

/* Begin XCConfigurationList section */
		0059FBFB1C31076D006155A9 /* Build configuration list for PBXProject "TipSmart" */ = {
			isa = XCConfigurationList;
			buildConfigurations = (
				0059FC261C31076D006155A9 /* Debug */,
				0059FC271C31076D006155A9 /* Release */,
			);
			defaultConfigurationIsVisible = 0;
			defaultConfigurationName = Release;
		};
		0059FC281C31076D006155A9 /* Build configuration list for PBXNativeTarget "TipSmart" */ = {
			isa = XCConfigurationList;
			buildConfigurations = (
				0059FC291C31076D006155A9 /* Debug */,
				0059FC2A1C31076D006155A9 /* Release */,
			);
			defaultConfigurationIsVisible = 0;
			defaultConfigurationName = Release;
		};
		0059FC2B1C31076D006155A9 /* Build configuration list for PBXNativeTarget "TipSmartTests" */ = {
			isa = XCConfigurationList;
			buildConfigurations = (
				0059FC2C1C31076D006155A9 /* Debug */,
				0059FC2D1C31076D006155A9 /* Release */,
			);
			defaultConfigurationIsVisible = 0;
			defaultConfigurationName = Release;
		};
		0059FC2E1C31076D006155A9 /* Build configuration list for PBXNativeTarget "TipSmartUITests" */ = {
			isa = XCConfigurationList;
			buildConfigurations = (
				0059FC2F1C31076D006155A9 /* Debug */,
				0059FC301C31076D006155A9 /* Release */,
			);
			defaultConfigurationIsVisible = 0;
			defaultConfigurationName = Release;
		};
/* End XCConfigurationList section */
	};
	rootObject = 0059FBF81C31076D006155A9 /* Project object */;
}
